
Microsoft Visual Studio Solution File, Format Version 12.00
# Visual Studio Version 16
VisualStudioVersion = 16.0.32802.440
MinimumVisualStudioVersion = 10.0.40219.1
Project("{FAE04EC0-301F-11D3-BF4B-00C04F79EFBC}") = "aboba", "aboba\aboba.csproj", "{6E824DCE-F04E-43A6-AA73-1B55CD103C4B}"
EndProject
Global
	GlobalSection(SolutionConfigurationPlatforms) = preSolution
		Debug|Any CPU = Debug|Any CPU
		Release|Any CPU = Release|Any CPU
	EndGlobalSection
	GlobalSection(ProjectConfigurationPlatforms) = postSolution
		{6E824DCE-F04E-43A6-AA73-1B55CD103C4B}.Debug|Any CPU.ActiveCfg = Debug|Any CPU
		{6E824DCE-F04E-43A6-AA73-1B55CD103C4B}.Debug|Any CPU.Build.0 = Debug|Any CPU
		{6E824DCE-F04E-43A6-AA73-1B55CD103C4B}.Release|Any CPU.ActiveCfg = Release|Any CPU
		{6E824DCE-F04E-43A6-AA73-1B55CD103C4B}.Release|Any CPU.Build.0 = Release|Any CPU
	EndGlobalSection
	GlobalSection(SolutionProperties) = preSolution
		HideSolutionNode = FALSE
	EndGlobalSection
	GlobalSection(ExtensibilityGlobals) = postSolution
		SolutionGuid = {E34C1760-2CE9-483F-8873-2B38A9A88F9A}
	EndGlobalSection
EndGlobal
